
Microsoft Visual Studio Solution File, Format Version 12.00
# Visual Studio Version 17
VisualStudioVersion = 17.8.34525.116
MinimumVisualStudioVersion = 10.0.40219.1
Project("{FAE04EC0-301F-11D3-BF4B-00C04F79EFBC}") = "ExpenseManagementAPI", "ExpenseManagementAPI\ExpenseManagementAPI.csproj", "{6DFE36B3-6E8A-4381-A43E-91CAC457C97D}"
EndProject
Project("{FAE04EC0-301F-11D3-BF4B-00C04F79EFBC}") = "BL", "BL\BL.csproj", "{A00FBD2A-9599-4700-B613-E34E5A0B9664}"
EndProject
Project("{FAE04EC0-301F-11D3-BF4B-00C04F79EFBC}") = "Entity", "Entity\Entity.csproj", "{A372DDD5-F9C8-4CC3-8130-F857B08EB876}"
EndProject
Project("{FAE04EC0-301F-11D3-BF4B-00C04F79EFBC}") = "Library", "Library\Library.csproj", "{118CCB96-7B99-4371-827B-F29136E145B9}"
EndProject
Global
	GlobalSection(SolutionConfigurationPlatforms) = preSolution
		Debug|Any CPU = Debug|Any CPU
		Release|Any CPU = Release|Any CPU
	EndGlobalSection
	GlobalSection(ProjectConfigurationPlatforms) = postSolution
		{6DFE36B3-6E8A-4381-A43E-91CAC457C97D}.Debug|Any CPU.ActiveCfg = Debug|Any CPU
		{6DFE36B3-6E8A-4381-A43E-91CAC457C97D}.Debug|Any CPU.Build.0 = Debug|Any CPU
		{6DFE36B3-6E8A-4381-A43E-91CAC457C97D}.Release|Any CPU.ActiveCfg = Release|Any CPU
		{6DFE36B3-6E8A-4381-A43E-91CAC457C97D}.Release|Any CPU.Build.0 = Release|Any CPU
		{A00FBD2A-9599-4700-B613-E34E5A0B9664}.Debug|Any CPU.ActiveCfg = Debug|Any CPU
		{A00FBD2A-9599-4700-B613-E34E5A0B9664}.Debug|Any CPU.Build.0 = Debug|Any CPU
		{A00FBD2A-9599-4700-B613-E34E5A0B9664}.Release|Any CPU.ActiveCfg = Release|Any CPU
		{A00FBD2A-9599-4700-B613-E34E5A0B9664}.Release|Any CPU.Build.0 = Release|Any CPU
		{A372DDD5-F9C8-4CC3-8130-F857B08EB876}.Debug|Any CPU.ActiveCfg = Debug|Any CPU
		{A372DDD5-F9C8-4CC3-8130-F857B08EB876}.Debug|Any CPU.Build.0 = Debug|Any CPU
		{A372DDD5-F9C8-4CC3-8130-F857B08EB876}.Release|Any CPU.ActiveCfg = Release|Any CPU
		{A372DDD5-F9C8-4CC3-8130-F857B08EB876}.Release|Any CPU.Build.0 = Release|Any CPU
		{118CCB96-7B99-4371-827B-F29136E145B9}.Debug|Any CPU.ActiveCfg = Debug|Any CPU
		{118CCB96-7B99-4371-827B-F29136E145B9}.Debug|Any CPU.Build.0 = Debug|Any CPU
		{118CCB96-7B99-4371-827B-F29136E145B9}.Release|Any CPU.ActiveCfg = Release|Any CPU
		{118CCB96-7B99-4371-827B-F29136E145B9}.Release|Any CPU.Build.0 = Release|Any CPU
	EndGlobalSection
	GlobalSection(SolutionProperties) = preSolution
		HideSolutionNode = FALSE
	EndGlobalSection
	GlobalSection(ExtensibilityGlobals) = postSolution
		SolutionGuid = {BA6870C3-FE8D-46BE-BE6F-71D6BAF47028}
	EndGlobalSection
EndGlobal
